// !$*UTF8*$!
{
	archiveVersion = 1;
	classes = {
	};
	objectVersion = 48;
	objects = {

/* Begin PBXBuildFile section */
		B50690BE1FB188180062EF76 /* TasksViewController.swift in Sources */ = {isa = PBXBuildFile; fileRef = B50690BD1FB188180062EF76 /* TasksViewController.swift */; };
		B50690BF1FB189F10062EF76 /* Main.storyboard in Resources */ = {isa = PBXBuildFile; fileRef = B50690BC1FB1880D0062EF76 /* Main.storyboard */; };
		B50690C01FB18AFB0062EF76 /* TaskList.swift in Sources */ = {isa = PBXBuildFile; fileRef = B50690BA1FB187EE0062EF76 /* TaskList.swift */; };
		B50690C11FB18AFE0062EF76 /* Task.swift in Sources */ = {isa = PBXBuildFile; fileRef = B50690BB1FB187F50062EF76 /* Task.swift */; };
		B53C6DC71FAD89E90093FC52 /* AppDelegate.swift in Sources */ = {isa = PBXBuildFile; fileRef = B53C6DC61FAD89E90093FC52 /* AppDelegate.swift */; };
		B53C6DC91FAD89E90093FC52 /* TaskTableViewController.swift in Sources */ = {isa = PBXBuildFile; fileRef = B53C6DC81FAD89E90093FC52 /* TaskTableViewController.swift */; };
		B53C6DCE1FAD89E90093FC52 /* Assets.xcassets in Resources */ = {isa = PBXBuildFile; fileRef = B53C6DCD1FAD89E90093FC52 /* Assets.xcassets */; };
		B53C6DD11FAD89E90093FC52 /* LaunchScreen.storyboard in Resources */ = {isa = PBXBuildFile; fileRef = B53C6DCF1FAD89E90093FC52 /* LaunchScreen.storyboard */; };
		C5A71C24DCC78C6C02631C04 /* Pods_ItsMyLife.framework in Frameworks */ = {isa = PBXBuildFile; fileRef = F4B46D1F2B4293F53BFB3127 /* Pods_ItsMyLife.framework */; };
/* End PBXBuildFile section */

/* Begin PBXFileReference section */
		AFF78B13A34EEE2C7E7C38AD /* Pods-ItsMyLife.release.xcconfig */ = {isa = PBXFileReference; includeInIndex = 1; lastKnownFileType = text.xcconfig; name = "Pods-ItsMyLife.release.xcconfig"; path = "Pods/Target Support Files/Pods-ItsMyLife/Pods-ItsMyLife.release.xcconfig"; sourceTree = "<group>"; };
		B50690BA1FB187EE0062EF76 /* TaskList.swift */ = {isa = PBXFileReference; lastKnownFileType = sourcecode.swift; path = TaskList.swift; sourceTree = "<group>"; };
		B50690BB1FB187F50062EF76 /* Task.swift */ = {isa = PBXFileReference; lastKnownFileType = sourcecode.swift; path = Task.swift; sourceTree = "<group>"; };
		B50690BC1FB1880D0062EF76 /* Main.storyboard */ = {isa = PBXFileReference; lastKnownFileType = file.storyboard; path = Main.storyboard; sourceTree = "<group>"; };
		B50690BD1FB188180062EF76 /* TasksViewController.swift */ = {isa = PBXFileReference; lastKnownFileType = sourcecode.swift; path = TasksViewController.swift; sourceTree = "<group>"; };
		B526EE8A1FB2245500E4C1E8 /* ItsMyLife-Bridging-Header.h */ = {isa = PBXFileReference; lastKnownFileType = sourcecode.c.h; path = "ItsMyLife-Bridging-Header.h"; sourceTree = "<group>"; };
		B526EE8B1FB2245600E4C1E8 /* ASValueTrackingSlider.h */ = {isa = PBXFileReference; lastKnownFileType = sourcecode.c.h; path = ASValueTrackingSlider.h; sourceTree = "<group>"; };
		B526EE8C1FB2245600E4C1E8 /* ASValuePopUpView.h */ = {isa = PBXFileReference; lastKnownFileType = sourcecode.c.h; path = ASValuePopUpView.h; sourceTree = "<group>"; };
		B526EE8D1FB2245600E4C1E8 /* ASValuePopUpView.m */ = {isa = PBXFileReference; lastKnownFileType = sourcecode.c.objc; path = ASValuePopUpView.m; sourceTree = "<group>"; };
		B526EE8E1FB2245600E4C1E8 /* ASValueTrackingSlider.m */ = {isa = PBXFileReference; lastKnownFileType = sourcecode.c.objc; path = ASValueTrackingSlider.m; sourceTree = "<group>"; };
		B53C6DC31FAD89E90093FC52 /* ItsMyLife.app */ = {isa = PBXFileReference; explicitFileType = wrapper.application; includeInIndex = 0; path = ItsMyLife.app; sourceTree = BUILT_PRODUCTS_DIR; };
		B53C6DC61FAD89E90093FC52 /* AppDelegate.swift */ = {isa = PBXFileReference; lastKnownFileType = sourcecode.swift; path = AppDelegate.swift; sourceTree = "<group>"; };
		B53C6DC81FAD89E90093FC52 /* TaskTableViewController.swift */ = {isa = PBXFileReference; lastKnownFileType = sourcecode.swift; path = TaskTableViewController.swift; sourceTree = "<group>"; };
		B53C6DCD1FAD89E90093FC52 /* Assets.xcassets */ = {isa = PBXFileReference; lastKnownFileType = folder.assetcatalog; path = Assets.xcassets; sourceTree = "<group>"; };
		B53C6DD01FAD89E90093FC52 /* Base */ = {isa = PBXFileReference; lastKnownFileType = file.storyboard; name = Base; path = Base.lproj/LaunchScreen.storyboard; sourceTree = "<group>"; };
		B53C6DD21FAD89E90093FC52 /* Info.plist */ = {isa = PBXFileReference; lastKnownFileType = text.plist.xml; path = Info.plist; sourceTree = "<group>"; };
		EAB87F91A770EFE6B0BC3A4B /* Pods-ItsMyLife.debug.xcconfig */ = {isa = PBXFileReference; includeInIndex = 1; lastKnownFileType = text.xcconfig; name = "Pods-ItsMyLife.debug.xcconfig"; path = "Pods/Target Support Files/Pods-ItsMyLife/Pods-ItsMyLife.debug.xcconfig"; sourceTree = "<group>"; };
		F4B46D1F2B4293F53BFB3127 /* Pods_ItsMyLife.framework */ = {isa = PBXFileReference; explicitFileType = wrapper.framework; includeInIndex = 0; path = Pods_ItsMyLife.framework; sourceTree = BUILT_PRODUCTS_DIR; };
/* End PBXFileReference section */

/* Begin PBXFrameworksBuildPhase section */
		B53C6DC01FAD89E80093FC52 /* Frameworks */ = {
			isa = PBXFrameworksBuildPhase;
			buildActionMask = 2147483647;
			files = (
				C5A71C24DCC78C6C02631C04 /* Pods_ItsMyLife.framework in Frameworks */,
			);
			runOnlyForDeploymentPostprocessing = 0;
		};
/* End PBXFrameworksBuildPhase section */

/* Begin PBXGroup section */
		5F17D5BA807E3CF05D785CF4 /* Pods */ = {
			isa = PBXGroup;
			children = (
				EAB87F91A770EFE6B0BC3A4B /* Pods-ItsMyLife.debug.xcconfig */,
				AFF78B13A34EEE2C7E7C38AD /* Pods-ItsMyLife.release.xcconfig */,
			);
			name = Pods;
			sourceTree = "<group>";
		};
		9D6C7884EB021537AADFC4B1 /* Frameworks */ = {
			isa = PBXGroup;
			children = (
				F4B46D1F2B4293F53BFB3127 /* Pods_ItsMyLife.framework */,
			);
			name = Frameworks;
			sourceTree = "<group>";
		};
		B50690B91FB187E30062EF76 /* Model */ = {
			isa = PBXGroup;
			children = (
				B50690BB1FB187F50062EF76 /* Task.swift */,
				B50690BA1FB187EE0062EF76 /* TaskList.swift */,
			);
			path = Model;
			sourceTree = "<group>";
		};
		B526EE851FB223F600E4C1E8 /* Libraries */ = {
			isa = PBXGroup;
			children = (
				B526EE891FB2243500E4C1E8 /* ASValueTrackingSlider */,
			);
			path = Libraries;
			sourceTree = "<group>";
		};
		B526EE891FB2243500E4C1E8 /* ASValueTrackingSlider */ = {
			isa = PBXGroup;
			children = (
				B526EE8C1FB2245600E4C1E8 /* ASValuePopUpView.h */,
				B526EE8D1FB2245600E4C1E8 /* ASValuePopUpView.m */,
				B526EE8B1FB2245600E4C1E8 /* ASValueTrackingSlider.h */,
				B526EE8E1FB2245600E4C1E8 /* ASValueTrackingSlider.m */,
				B526EE8A1FB2245500E4C1E8 /* ItsMyLife-Bridging-Header.h */,
			);
			path = ASValueTrackingSlider;
			sourceTree = "<group>";
		};
		B53C6DBA1FAD89E80093FC52 = {
			isa = PBXGroup;
			children = (
				B53C6DC51FAD89E90093FC52 /* ItsMyLife */,
				B53C6DC41FAD89E90093FC52 /* Products */,
				5F17D5BA807E3CF05D785CF4 /* Pods */,
				9D6C7884EB021537AADFC4B1 /* Frameworks */,
			);
			sourceTree = "<group>";
		};
		B53C6DC41FAD89E90093FC52 /* Products */ = {
			isa = PBXGroup;
			children = (
				B53C6DC31FAD89E90093FC52 /* ItsMyLife.app */,
			);
			name = Products;
			sourceTree = "<group>";
		};
		B53C6DC51FAD89E90093FC52 /* ItsMyLife */ = {
			isa = PBXGroup;
			children = (
				B526EE851FB223F600E4C1E8 /* Libraries */,
				B50690B91FB187E30062EF76 /* Model */,
				B53C6DC61FAD89E90093FC52 /* AppDelegate.swift */,
				B50690BC1FB1880D0062EF76 /* Main.storyboard */,
				B53C6DC81FAD89E90093FC52 /* TaskTableViewController.swift */,
				B50690BD1FB188180062EF76 /* TasksViewController.swift */,
				B53C6DCD1FAD89E90093FC52 /* Assets.xcassets */,
				B53C6DCF1FAD89E90093FC52 /* LaunchScreen.storyboard */,
				B53C6DD21FAD89E90093FC52 /* Info.plist */,
			);
			path = ItsMyLife;
			sourceTree = "<group>";
		};
/* End PBXGroup section */

/* Begin PBXNativeTarget section */
		B53C6DC21FAD89E80093FC52 /* ItsMyLife */ = {
			isa = PBXNativeTarget;
			buildConfigurationList = B53C6DD51FAD89E90093FC52 /* Build configuration list for PBXNativeTarget "ItsMyLife" */;
			buildPhases = (
				CEA40494AA760987C73ECB4A /* [CP] Check Pods Manifest.lock */,
				B53C6DBF1FAD89E80093FC52 /* Sources */,
				B53C6DC01FAD89E80093FC52 /* Frameworks */,
				B53C6DC11FAD89E80093FC52 /* Resources */,
				EAD89A19EDDF26A741BC878A /* [CP] Embed Pods Frameworks */,
				B7BA01AE31EB5F97F9EF7E52 /* [CP] Copy Pods Resources */,
			);
			buildRules = (
			);
			dependencies = (
			);
			name = ItsMyLife;
			productName = ItsMyLife;
			productReference = B53C6DC31FAD89E90093FC52 /* ItsMyLife.app */;
			productType = "com.apple.product-type.application";
		};
/* End PBXNativeTarget section */

/* Begin PBXProject section */
		B53C6DBB1FAD89E80093FC52 /* Project object */ = {
			isa = PBXProject;
			attributes = {
				LastSwiftUpdateCheck = 0900;
				LastUpgradeCheck = 0900;
				ORGANIZATIONNAME = "Nathan Lambson";
				TargetAttributes = {
					B53C6DC21FAD89E80093FC52 = {
						CreatedOnToolsVersion = 9.0;
						LastSwiftMigration = 0900;
						ProvisioningStyle = Automatic;
					};
				};
			};
			buildConfigurationList = B53C6DBE1FAD89E80093FC52 /* Build configuration list for PBXProject "ItsMyLife" */;
			compatibilityVersion = "Xcode 8.0";
			developmentRegion = en;
			hasScannedForEncodings = 0;
			knownRegions = (
				en,
				Base,
			);
			mainGroup = B53C6DBA1FAD89E80093FC52;
			productRefGroup = B53C6DC41FAD89E90093FC52 /* Products */;
			projectDirPath = "";
			projectRoot = "";
			targets = (
				B53C6DC21FAD89E80093FC52 /* ItsMyLife */,
			);
		};
/* End PBXProject section */

/* Begin PBXResourcesBuildPhase section */
		B53C6DC11FAD89E80093FC52 /* Resources */ = {
			isa = PBXResourcesBuildPhase;
			buildActionMask = 2147483647;
			files = (
				B50690BF1FB189F10062EF76 /* Main.storyboard in Resources */,
				B53C6DD11FAD89E90093FC52 /* LaunchScreen.storyboard in Resources */,
				B53C6DCE1FAD89E90093FC52 /* Assets.xcassets in Resources */,
			);
			runOnlyForDeploymentPostprocessing = 0;
		};
/* End PBXResourcesBuildPhase section */

/* Begin PBXShellScriptBuildPhase section */
		B7BA01AE31EB5F97F9EF7E52 /* [CP] Copy Pods Resources */ = {
			isa = PBXShellScriptBuildPhase;
			buildActionMask = 2147483647;
			files = (
			);
			inputPaths = (
			);
			name = "[CP] Copy Pods Resources";
			outputPaths = (
			);
			runOnlyForDeploymentPostprocessing = 0;
			shellPath = /bin/sh;
			shellScript = "\"${SRCROOT}/Pods/Target Support Files/Pods-ItsMyLife/Pods-ItsMyLife-resources.sh\"\n";
			showEnvVarsInLog = 0;
		};
		CEA40494AA760987C73ECB4A /* [CP] Check Pods Manifest.lock */ = {
			isa = PBXShellScriptBuildPhase;
			buildActionMask = 2147483647;
			files = (
			);
			inputPaths = (
				"${PODS_PODFILE_DIR_PATH}/Podfile.lock",
				"${PODS_ROOT}/Manifest.lock",
			);
			name = "[CP] Check Pods Manifest.lock";
			outputPaths = (
				"$(DERIVED_FILE_DIR)/Pods-ItsMyLife-checkManifestLockResult.txt",
			);
			runOnlyForDeploymentPostprocessing = 0;
			shellPath = /bin/sh;
			shellScript = "diff \"${PODS_PODFILE_DIR_PATH}/Podfile.lock\" \"${PODS_ROOT}/Manifest.lock\" > /dev/null\nif [ $? != 0 ] ; then\n    # print error to STDERR\n    echo \"error: The sandbox is not in sync with the Podfile.lock. Run 'pod install' or update your CocoaPods installation.\" >&2\n    exit 1\nfi\n# This output is used by Xcode 'outputs' to avoid re-running this script phase.\necho \"SUCCESS\" > \"${SCRIPT_OUTPUT_FILE_0}\"\n";
			showEnvVarsInLog = 0;
		};
		EAD89A19EDDF26A741BC878A /* [CP] Embed Pods Frameworks */ = {
			isa = PBXShellScriptBuildPhase;
			buildActionMask = 2147483647;
			files = (
			);
			inputPaths = (
				"${SRCROOT}/Pods/Target Support Files/Pods-ItsMyLife/Pods-ItsMyLife-frameworks.sh",
				"${BUILT_PRODUCTS_DIR}/ASValueTrackingSlider/ASValueTrackingSlider.framework",
				"${BUILT_PRODUCTS_DIR}/FTPopOverMenu_Swift/FTPopOverMenu_Swift.framework",
				"${BUILT_PRODUCTS_DIR}/Realm/Realm.framework",
				"${BUILT_PRODUCTS_DIR}/RealmSwift/RealmSwift.framework",
			);
			name = "[CP] Embed Pods Frameworks";
			outputPaths = (
				"${TARGET_BUILD_DIR}/${FRAMEWORKS_FOLDER_PATH}/ASValueTrackingSlider.framework",
				"${TARGET_BUILD_DIR}/${FRAMEWORKS_FOLDER_PATH}/FTPopOverMenu_Swift.framework",
				"${TARGET_BUILD_DIR}/${FRAMEWORKS_FOLDER_PATH}/Realm.framework",
				"${TARGET_BUILD_DIR}/${FRAMEWORKS_FOLDER_PATH}/RealmSwift.framework",
			);
			runOnlyForDeploymentPostprocessing = 0;
			shellPath = /bin/sh;
			shellScript = "\"${SRCROOT}/Pods/Target Support Files/Pods-ItsMyLife/Pods-ItsMyLife-frameworks.sh\"\n";
			showEnvVarsInLog = 0;
		};
/* End PBXShellScriptBuildPhase section */

/* Begin PBXSourcesBuildPhase section */
		B53C6DBF1FAD89E80093FC52 /* Sources */ = {
			isa = PBXSourcesBuildPhase;
			buildActionMask = 2147483647;
			files = (
				B50690C01FB18AFB0062EF76 /* TaskList.swift in Sources */,
				B53C6DC91FAD89E90093FC52 /* TaskTableViewController.swift in Sources */,
				B50690C11FB18AFE0062EF76 /* Task.swift in Sources */,
				B53C6DC71FAD89E90093FC52 /* AppDelegate.swift in Sources */,
				B50690BE1FB188180062EF76 /* TasksViewController.swift in Sources */,
			);
			runOnlyForDeploymentPostprocessing = 0;
		};
/* End PBXSourcesBuildPhase section */

/* Begin PBXVariantGroup section */
		B53C6DCF1FAD89E90093FC52 /* LaunchScreen.storyboard */ = {
			isa = PBXVariantGroup;
			children = (
				B53C6DD01FAD89E90093FC52 /* Base */,
			);
			name = LaunchScreen.storyboard;
			sourceTree = "<group>";
		};
/* End PBXVariantGroup section */

/* Begin XCBuildConfiguration section */
		B53C6DD31FAD89E90093FC52 /* Debug */ = {
			isa = XCBuildConfiguration;
			buildSettings = {
				ALWAYS_SEARCH_USER_PATHS = NO;
				CLANG_ANALYZER_NONNULL = YES;
				CLANG_ANALYZER_NUMBER_OBJECT_CONVERSION = YES_AGGRESSIVE;
				CLANG_CXX_LANGUAGE_STANDARD = "gnu++14";
				CLANG_CXX_LIBRARY = "libc++";
				CLANG_ENABLE_MODULES = YES;
				CLANG_ENABLE_OBJC_ARC = YES;
				CLANG_WARN_BLOCK_CAPTURE_AUTORELEASING = YES;
				CLANG_WARN_BOOL_CONVERSION = YES;
				CLANG_WARN_COMMA = YES;
				CLANG_WARN_CONSTANT_CONVERSION = YES;
				CLANG_WARN_DIRECT_OBJC_ISA_USAGE = YES_ERROR;
				CLANG_WARN_DOCUMENTATION_COMMENTS = YES;
				CLANG_WARN_EMPTY_BODY = YES;
				CLANG_WARN_ENUM_CONVERSION = YES;
				CLANG_WARN_INFINITE_RECURSION = YES;
				CLANG_WARN_INT_CONVERSION = YES;
				CLANG_WARN_NON_LITERAL_NULL_CONVERSION = YES;
				CLANG_WARN_OBJC_LITERAL_CONVERSION = YES;
				CLANG_WARN_OBJC_ROOT_CLASS = YES_ERROR;
				CLANG_WARN_RANGE_LOOP_ANALYSIS = YES;
				CLANG_WARN_STRICT_PROTOTYPES = YES;
				CLANG_WARN_SUSPICIOUS_MOVE = YES;
				CLANG_WARN_UNGUARDED_AVAILABILITY = YES_AGGRESSIVE;
				CLANG_WARN_UNREACHABLE_CODE = YES;
				CLANG_WARN__DUPLICATE_METHOD_MATCH = YES;
				CODE_SIGN_IDENTITY = "iPhone Developer";
				COPY_PHASE_STRIP = NO;
				DEBUG_INFORMATION_FORMAT = dwarf;
				ENABLE_STRICT_OBJC_MSGSEND = YES;
				ENABLE_TESTABILITY = YES;
				GCC_C_LANGUAGE_STANDARD = gnu11;
				GCC_DYNAMIC_NO_PIC = NO;
				GCC_NO_COMMON_BLOCKS = YES;
				GCC_OPTIMIZATION_LEVEL = 0;
				GCC_PREPROCESSOR_DEFINITIONS = (
					"DEBUG=1",
					"$(inherited)",
				);
				GCC_WARN_64_TO_32_BIT_CONVERSION = YES;
				GCC_WARN_ABOUT_RETURN_TYPE = YES_ERROR;
				GCC_WARN_UNDECLARED_SELECTOR = YES;
				GCC_WARN_UNINITIALIZED_AUTOS = YES_AGGRESSIVE;
				GCC_WARN_UNUSED_FUNCTION = YES;
				GCC_WARN_UNUSED_VARIABLE = YES;
				IPHONEOS_DEPLOYMENT_TARGET = 11.0;
				MTL_ENABLE_DEBUG_INFO = YES;
				ONLY_ACTIVE_ARCH = YES;
				SDKROOT = iphoneos;
				SWIFT_ACTIVE_COMPILATION_CONDITIONS = DEBUG;
				SWIFT_OPTIMIZATION_LEVEL = "-Onone";
			};
			name = Debug;
		};
		B53C6DD41FAD89E90093FC52 /* Release */ = {
			isa = XCBuildConfiguration;
			buildSettings = {
				ALWAYS_SEARCH_USER_PATHS = NO;
				CLANG_ANALYZER_NONNULL = YES;
				CLANG_ANALYZER_NUMBER_OBJECT_CONVERSION = YES_AGGRESSIVE;
				CLANG_CXX_LANGUAGE_STANDARD = "gnu++14";
				CLANG_CXX_LIBRARY = "libc++";
				CLANG_ENABLE_MODULES = YES;
				CLANG_ENABLE_OBJC_ARC = YES;
				CLANG_WARN_BLOCK_CAPTURE_AUTORELEASING = YES;
				CLANG_WARN_BOOL_CONVERSION = YES;
				CLANG_WARN_COMMA = YES;
				CLANG_WARN_CONSTANT_CONVERSION = YES;
				CLANG_WARN_DIRECT_OBJC_ISA_USAGE = YES_ERROR;
				CLANG_WARN_DOCUMENTATION_COMMENTS = YES;
				CLANG_WARN_EMPTY_BODY = YES;
				CLANG_WARN_ENUM_CONVERSION = YES;
				CLANG_WARN_INFINITE_RECURSION = YES;
				CLANG_WARN_INT_CONVERSION = YES;
				CLANG_WARN_NON_LITERAL_NULL_CONVERSION = YES;
				CLANG_WARN_OBJC_LITERAL_CONVERSION = YES;
				CLANG_WARN_OBJC_ROOT_CLASS = YES_ERROR;
				CLANG_WARN_RANGE_LOOP_ANALYSIS = YES;
				CLANG_WARN_STRICT_PROTOTYPES = YES;
				CLANG_WARN_SUSPICIOUS_MOVE = YES;
				CLANG_WARN_UNGUARDED_AVAILABILITY = YES_AGGRESSIVE;
				CLANG_WARN_UNREACHABLE_CODE = YES;
				CLANG_WARN__DUPLICATE_METHOD_MATCH = YES;
				CODE_SIGN_IDENTITY = "iPhone Developer";
				COPY_PHASE_STRIP = NO;
				DEBUG_INFORMATION_FORMAT = "dwarf-with-dsym";
				ENABLE_NS_ASSERTIONS = NO;
				ENABLE_STRICT_OBJC_MSGSEND = YES;
				GCC_C_LANGUAGE_STANDARD = gnu11;
				GCC_NO_COMMON_BLOCKS = YES;
				GCC_WARN_64_TO_32_BIT_CONVERSION = YES;
				GCC_WARN_ABOUT_RETURN_TYPE = YES_ERROR;
				GCC_WARN_UNDECLARED_SELECTOR = YES;
				GCC_WARN_UNINITIALIZED_AUTOS = YES_AGGRESSIVE;
				GCC_WARN_UNUSED_FUNCTION = YES;
				GCC_WARN_UNUSED_VARIABLE = YES;
				IPHONEOS_DEPLOYMENT_TARGET = 11.0;
				MTL_ENABLE_DEBUG_INFO = NO;
				SDKROOT = iphoneos;
				SWIFT_OPTIMIZATION_LEVEL = "-Owholemodule";
				VALIDATE_PRODUCT = YES;
			};
			name = Release;
		};
		B53C6DD61FAD89E90093FC52 /* Debug */ = {
			isa = XCBuildConfiguration;
			baseConfigurationReference = EAB87F91A770EFE6B0BC3A4B /* Pods-ItsMyLife.debug.xcconfig */;
			buildSettings = {
				ASSETCATALOG_COMPILER_APPICON_NAME = AppIcon;
				CLANG_ENABLE_MODULES = YES;
				CODE_SIGN_STYLE = Automatic;
				DEVELOPMENT_TEAM = 429BU58AR4;
				INFOPLIST_FILE = ItsMyLife/Info.plist;
				IPHONEOS_DEPLOYMENT_TARGET = 10.3;
				LD_RUNPATH_SEARCH_PATHS = "$(inherited) @executable_path/Frameworks";
				PRODUCT_BUNDLE_IDENTIFIER = com.lobsterman.ItsMyLife;
				PRODUCT_NAME = "$(TARGET_NAME)";
				SWIFT_OBJC_BRIDGING_HEADER = "ItsMyLife/Libraries/ASValueTrackingSlider/ItsMyLife-Bridging-Header.h";
				SWIFT_OPTIMIZATION_LEVEL = "-Onone";
				SWIFT_VERSION = 4.0;
				TARGETED_DEVICE_FAMILY = "1,2";
			};
			name = Debug;
		};
		B53C6DD71FAD89E90093FC52 /* Release */ = {
			isa = XCBuildConfiguration;
			baseConfigurationReference = AFF78B13A34EEE2C7E7C38AD /* Pods-ItsMyLife.release.xcconfig */;
			buildSettings = {
				ASSETCATALOG_COMPILER_APPICON_NAME = AppIcon;
				CLANG_ENABLE_MODULES = YES;
				CODE_SIGN_STYLE = Automatic;
				DEVELOPMENT_TEAM = 429BU58AR4;
				INFOPLIST_FILE = ItsMyLife/Info.plist;
				IPHONEOS_DEPLOYMENT_TARGET = 10.3;
				LD_RUNPATH_SEARCH_PATHS = "$(inherited) @executable_path/Frameworks";
				PRODUCT_BUNDLE_IDENTIFIER = com.lobsterman.ItsMyLife;
				PRODUCT_NAME = "$(TARGET_NAME)";
				SWIFT_OBJC_BRIDGING_HEADER = "ItsMyLife/Libraries/ASValueTrackingSlider/ItsMyLife-Bridging-Header.h";
				SWIFT_VERSION = 4.0;
				TARGETED_DEVICE_FAMILY = "1,2";
			};
			name = Release;
		};
/* End XCBuildConfiguration section */

/* Begin XCConfigurationList section */
		B53C6DBE1FAD89E80093FC52 /* Build configuration list for PBXProject "ItsMyLife" */ = {
			isa = XCConfigurationList;
			buildConfigurations = (
				B53C6DD31FAD89E90093FC52 /* Debug */,
				B53C6DD41FAD89E90093FC52 /* Release */,
			);
			defaultConfigurationIsVisible = 0;
			defaultConfigurationName = Release;
		};
		B53C6DD51FAD89E90093FC52 /* Build configuration list for PBXNativeTarget "ItsMyLife" */ = {
			isa = XCConfigurationList;
			buildConfigurations = (
				B53C6DD61FAD89E90093FC52 /* Debug */,
				B53C6DD71FAD89E90093FC52 /* Release */,
			);
			defaultConfigurationIsVisible = 0;
			defaultConfigurationName = Release;
		};
/* End XCConfigurationList section */
	};
	rootObject = B53C6DBB1FAD89E80093FC52 /* Project object */;
}
